// !$*UTF8*$!
{
	archiveVersion = 1;
	classes = {
	};
	objectVersion = 46;
	objects = {

/* Begin PBXBuildFile section */
		3231FA241DC5869100BCE60F /* MosekSolver.cpp in Sources */ = {isa = PBXBuildFile; fileRef = 3231FA231DC5869100BCE60F /* MosekSolver.cpp */; };
		3231FA2D1DC5880D00BCE60F /* CirclePatterns.cpp in Sources */ = {isa = PBXBuildFile; fileRef = 3231FA2B1DC5880D00BCE60F /* CirclePatterns.cpp */; };
		323C90441DDA30E9005DCCDB /* libmosek64.dylib in Frameworks */ = {isa = PBXBuildFile; fileRef = 323C90411DDA30E9005DCCDB /* libmosek64.dylib */; };
		323C90451DDA30E9005DCCDB /* libmosek64.7.1.dylib in Frameworks */ = {isa = PBXBuildFile; fileRef = 323C90421DDA30E9005DCCDB /* libmosek64.7.1.dylib */; };
		323C90461DDA30E9005DCCDB /* libiomp5.dylib in Frameworks */ = {isa = PBXBuildFile; fileRef = 323C90431DDA30E9005DCCDB /* libiomp5.dylib */; };
		3242E30A1DF0B7B500CD8BCA /* Subdivision.cpp in Sources */ = {isa = PBXBuildFile; fileRef = 3242E3081DF0B7B500CD8BCA /* Subdivision.cpp */; };
		32B47E121DC2A72200BC7642 /* Camera.cpp in Sources */ = {isa = PBXBuildFile; fileRef = 32B47DF61DC2A72200BC7642 /* Camera.cpp */; };
		32B47E131DC2A72200BC7642 /* Edge.cpp in Sources */ = {isa = PBXBuildFile; fileRef = 32B47DF81DC2A72200BC7642 /* Edge.cpp */; };
		32B47E141DC2A72200BC7642 /* Face.cpp in Sources */ = {isa = PBXBuildFile; fileRef = 32B47DFA1DC2A72200BC7642 /* Face.cpp */; };
		32B47E151DC2A72200BC7642 /* HalfEdge.cpp in Sources */ = {isa = PBXBuildFile; fileRef = 32B47DFC1DC2A72200BC7642 /* HalfEdge.cpp */; };
		32B47E161DC2A72200BC7642 /* Lscm.cpp in Sources */ = {isa = PBXBuildFile; fileRef = 32B47DFE1DC2A72200BC7642 /* Lscm.cpp */; };
		32B47E171DC2A72200BC7642 /* main.cpp in Sources */ = {isa = PBXBuildFile; fileRef = 32B47E001DC2A72200BC7642 /* main.cpp */; };
		32B47E181DC2A72200BC7642 /* Mesh.cpp in Sources */ = {isa = PBXBuildFile; fileRef = 32B47E011DC2A72200BC7642 /* Mesh.cpp */; };
		32B47E191DC2A72200BC7642 /* MeshIO.cpp in Sources */ = {isa = PBXBuildFile; fileRef = 32B47E031DC2A72200BC7642 /* MeshIO.cpp */; };
		32B47E1A1DC2A72200BC7642 /* Parameterization.cpp in Sources */ = {isa = PBXBuildFile; fileRef = 32B47E051DC2A72200BC7642 /* Parameterization.cpp */; };
		32B47E1B1DC2A72200BC7642 /* QcError.cpp in Sources */ = {isa = PBXBuildFile; fileRef = 32B47E071DC2A72200BC7642 /* QcError.cpp */; };
		32B47E1C1DC2A72200BC7642 /* RenderData.cpp in Sources */ = {isa = PBXBuildFile; fileRef = 32B47E091DC2A72200BC7642 /* RenderData.cpp */; };
		32B47E1D1DC2A72200BC7642 /* Scp.cpp in Sources */ = {isa = PBXBuildFile; fileRef = 32B47E0B1DC2A72200BC7642 /* Scp.cpp */; };
		32B47E1E1DC2A72200BC7642 /* Shader.cpp in Sources */ = {isa = PBXBuildFile; fileRef = 32B47E0D1DC2A72200BC7642 /* Shader.cpp */; };
		32B47E1F1DC2A72200BC7642 /* Vertex.cpp in Sources */ = {isa = PBXBuildFile; fileRef = 32B47E101DC2A72200BC7642 /* Vertex.cpp */; };
		32B47E221DC2A73300BC7642 /* OpenGL.framework in Frameworks */ = {isa = PBXBuildFile; fileRef = 32B47E211DC2A73300BC7642 /* OpenGL.framework */; };
		32B47E241DC2A73B00BC7642 /* GLUT.framework in Frameworks */ = {isa = PBXBuildFile; fileRef = 32B47E231DC2A73B00BC7642 /* GLUT.framework */; };
		32C4D1401DFB6BC9001C1F49 /* Solver.cpp in Sources */ = {isa = PBXBuildFile; fileRef = 32C4D13E1DFB6BC9001C1F49 /* Solver.cpp */; };
		EB1801A71DD36FAE009CEE03 /* Cetm.cpp in Sources */ = {isa = PBXBuildFile; fileRef = EB1801A51DD36FAE009CEE03 /* Cetm.cpp */; };
/* End PBXBuildFile section */

/* Begin PBXCopyFilesBuildPhase section */
		32B47DEA1DC2A6EE00BC7642 /* Copy Files */ = {
			isa = PBXCopyFilesBuildPhase;
			buildActionMask = 8;
			dstPath = usr/share/man/man1;
			dstSubfolderSpec = 6;
			files = (
			);
			name = "Copy Files";
			runOnlyForDeploymentPostprocessing = 1;
		};
/* End PBXCopyFilesBuildPhase section */

/* Begin PBXFileReference section */
		3231FA221DC5868B00BCE60F /* MosekSolver.h */ = {isa = PBXFileReference; lastKnownFileType = sourcecode.c.h; path = MosekSolver.h; sourceTree = "<group>"; };
		3231FA231DC5869100BCE60F /* MosekSolver.cpp */ = {isa = PBXFileReference; fileEncoding = 4; lastKnownFileType = sourcecode.cpp.cpp; path = MosekSolver.cpp; sourceTree = "<group>"; };
		3231FA2B1DC5880D00BCE60F /* CirclePatterns.cpp */ = {isa = PBXFileReference; fileEncoding = 4; lastKnownFileType = sourcecode.cpp.cpp; path = CirclePatterns.cpp; sourceTree = "<group>"; };
		3231FA2C1DC5880D00BCE60F /* CirclePatterns.h */ = {isa = PBXFileReference; fileEncoding = 4; lastKnownFileType = sourcecode.c.h; path = CirclePatterns.h; sourceTree = "<group>"; };
		3231FA2E1DC5890500BCE60F /* Utils.h */ = {isa = PBXFileReference; lastKnownFileType = sourcecode.c.h; path = Utils.h; sourceTree = "<group>"; };
		323C90411DDA30E9005DCCDB /* libmosek64.dylib */ = {isa = PBXFileReference; lastKnownFileType = "compiled.mach-o.dylib"; name = libmosek64.dylib; path = deps/mosek/bin/libmosek64.dylib; sourceTree = "<group>"; };
		323C90421DDA30E9005DCCDB /* libmosek64.7.1.dylib */ = {isa = PBXFileReference; lastKnownFileType = "compiled.mach-o.dylib"; name = libmosek64.7.1.dylib; path = deps/mosek/bin/libmosek64.7.1.dylib; sourceTree = "<group>"; };
		323C90431DDA30E9005DCCDB /* libiomp5.dylib */ = {isa = PBXFileReference; lastKnownFileType = "compiled.mach-o.dylib"; name = libiomp5.dylib; path = deps/mosek/bin/libiomp5.dylib; sourceTree = "<group>"; };
		3242E3081DF0B7B500CD8BCA /* Subdivision.cpp */ = {isa = PBXFileReference; fileEncoding = 4; lastKnownFileType = sourcecode.cpp.cpp; path = Subdivision.cpp; sourceTree = "<group>"; };
		3242E3091DF0B7B500CD8BCA /* Subdivision.h */ = {isa = PBXFileReference; fileEncoding = 4; lastKnownFileType = sourcecode.c.h; path = Subdivision.h; sourceTree = "<group>"; };
		32B47DEC1DC2A6EE00BC7642 /* conformal-parameterization */ = {isa = PBXFileReference; explicitFileType = "compiled.mach-o.executable"; includeInIndex = 0; path = "conformal-parameterization"; sourceTree = BUILT_PRODUCTS_DIR; };
		32B47DF61DC2A72200BC7642 /* Camera.cpp */ = {isa = PBXFileReference; fileEncoding = 4; lastKnownFileType = sourcecode.cpp.cpp; path = Camera.cpp; sourceTree = "<group>"; };
		32B47DF71DC2A72200BC7642 /* Camera.h */ = {isa = PBXFileReference; fileEncoding = 4; lastKnownFileType = sourcecode.c.h; path = Camera.h; sourceTree = "<group>"; };
		32B47DF81DC2A72200BC7642 /* Edge.cpp */ = {isa = PBXFileReference; fileEncoding = 4; lastKnownFileType = sourcecode.cpp.cpp; path = Edge.cpp; sourceTree = "<group>"; };
		32B47DF91DC2A72200BC7642 /* Edge.h */ = {isa = PBXFileReference; fileEncoding = 4; lastKnownFileType = sourcecode.c.h; path = Edge.h; sourceTree = "<group>"; };
		32B47DFA1DC2A72200BC7642 /* Face.cpp */ = {isa = PBXFileReference; fileEncoding = 4; lastKnownFileType = sourcecode.cpp.cpp; path = Face.cpp; sourceTree = "<group>"; };
		32B47DFB1DC2A72200BC7642 /* Face.h */ = {isa = PBXFileReference; fileEncoding = 4; lastKnownFileType = sourcecode.c.h; path = Face.h; sourceTree = "<group>"; };
		32B47DFC1DC2A72200BC7642 /* HalfEdge.cpp */ = {isa = PBXFileReference; fileEncoding = 4; lastKnownFileType = sourcecode.cpp.cpp; path = HalfEdge.cpp; sourceTree = "<group>"; };
		32B47DFD1DC2A72200BC7642 /* HalfEdge.h */ = {isa = PBXFileReference; fileEncoding = 4; lastKnownFileType = sourcecode.c.h; path = HalfEdge.h; sourceTree = "<group>"; };
		32B47DFE1DC2A72200BC7642 /* Lscm.cpp */ = {isa = PBXFileReference; fileEncoding = 4; lastKnownFileType = sourcecode.cpp.cpp; path = Lscm.cpp; sourceTree = "<group>"; };
		32B47DFF1DC2A72200BC7642 /* Lscm.h */ = {isa = PBXFileReference; fileEncoding = 4; lastKnownFileType = sourcecode.c.h; path = Lscm.h; sourceTree = "<group>"; };
		32B47E001DC2A72200BC7642 /* main.cpp */ = {isa = PBXFileReference; fileEncoding = 4; lastKnownFileType = sourcecode.cpp.cpp; path = main.cpp; sourceTree = "<group>"; };
		32B47E011DC2A72200BC7642 /* Mesh.cpp */ = {isa = PBXFileReference; fileEncoding = 4; lastKnownFileType = sourcecode.cpp.cpp; path = Mesh.cpp; sourceTree = "<group>"; };
		32B47E021DC2A72200BC7642 /* Mesh.h */ = {isa = PBXFileReference; fileEncoding = 4; lastKnownFileType = sourcecode.c.h; path = Mesh.h; sourceTree = "<group>"; };
		32B47E031DC2A72200BC7642 /* MeshIO.cpp */ = {isa = PBXFileReference; fileEncoding = 4; lastKnownFileType = sourcecode.cpp.cpp; path = MeshIO.cpp; sourceTree = "<group>"; };
		32B47E041DC2A72200BC7642 /* MeshIO.h */ = {isa = PBXFileReference; fileEncoding = 4; lastKnownFileType = sourcecode.c.h; path = MeshIO.h; sourceTree = "<group>"; };
		32B47E051DC2A72200BC7642 /* Parameterization.cpp */ = {isa = PBXFileReference; fileEncoding = 4; lastKnownFileType = sourcecode.cpp.cpp; path = Parameterization.cpp; sourceTree = "<group>"; };
		32B47E061DC2A72200BC7642 /* Parameterization.h */ = {isa = PBXFileReference; fileEncoding = 4; lastKnownFileType = sourcecode.c.h; path = Parameterization.h; sourceTree = "<group>"; };
		32B47E071DC2A72200BC7642 /* QcError.cpp */ = {isa = PBXFileReference; fileEncoding = 4; lastKnownFileType = sourcecode.cpp.cpp; path = QcError.cpp; sourceTree = "<group>"; };
		32B47E081DC2A72200BC7642 /* QcError.h */ = {isa = PBXFileReference; fileEncoding = 4; lastKnownFileType = sourcecode.c.h; path = QcError.h; sourceTree = "<group>"; };
		32B47E091DC2A72200BC7642 /* RenderData.cpp */ = {isa = PBXFileReference; fileEncoding = 4; lastKnownFileType = sourcecode.cpp.cpp; path = RenderData.cpp; sourceTree = "<group>"; };
		32B47E0A1DC2A72200BC7642 /* RenderData.h */ = {isa = PBXFileReference; fileEncoding = 4; lastKnownFileType = sourcecode.c.h; path = RenderData.h; sourceTree = "<group>"; };
		32B47E0B1DC2A72200BC7642 /* Scp.cpp */ = {isa = PBXFileReference; fileEncoding = 4; lastKnownFileType = sourcecode.cpp.cpp; path = Scp.cpp; sourceTree = "<group>"; };
		32B47E0C1DC2A72200BC7642 /* Scp.h */ = {isa = PBXFileReference; fileEncoding = 4; lastKnownFileType = sourcecode.c.h; path = Scp.h; sourceTree = "<group>"; };
		32B47E0D1DC2A72200BC7642 /* Shader.cpp */ = {isa = PBXFileReference; fileEncoding = 4; lastKnownFileType = sourcecode.cpp.cpp; path = Shader.cpp; sourceTree = "<group>"; };
		32B47E0E1DC2A72200BC7642 /* Shader.h */ = {isa = PBXFileReference; fileEncoding = 4; lastKnownFileType = sourcecode.c.h; path = Shader.h; sourceTree = "<group>"; };
		32B47E0F1DC2A72200BC7642 /* Types.h */ = {isa = PBXFileReference; fileEncoding = 4; lastKnownFileType = sourcecode.c.h; path = Types.h; sourceTree = "<group>"; };
		32B47E101DC2A72200BC7642 /* Vertex.cpp */ = {isa = PBXFileReference; fileEncoding = 4; lastKnownFileType = sourcecode.cpp.cpp; path = Vertex.cpp; sourceTree = "<group>"; };
		32B47E111DC2A72200BC7642 /* Vertex.h */ = {isa = PBXFileReference; fileEncoding = 4; lastKnownFileType = sourcecode.c.h; path = Vertex.h; sourceTree = "<group>"; };
		32B47E211DC2A73300BC7642 /* OpenGL.framework */ = {isa = PBXFileReference; lastKnownFileType = wrapper.framework; name = OpenGL.framework; path = System/Library/Frameworks/OpenGL.framework; sourceTree = SDKROOT; };
		32B47E231DC2A73B00BC7642 /* GLUT.framework */ = {isa = PBXFileReference; lastKnownFileType = wrapper.framework; name = GLUT.framework; path = System/Library/Frameworks/GLUT.framework; sourceTree = SDKROOT; };
		32C4D13E1DFB6BC9001C1F49 /* Solver.cpp */ = {isa = PBXFileReference; fileEncoding = 4; lastKnownFileType = sourcecode.cpp.cpp; path = Solver.cpp; sourceTree = "<group>"; };
		32C4D13F1DFB6BC9001C1F49 /* Solver.h */ = {isa = PBXFileReference; fileEncoding = 4; lastKnownFileType = sourcecode.c.h; path = Solver.h; sourceTree = "<group>"; };
		EB1801A51DD36FAE009CEE03 /* Cetm.cpp */ = {isa = PBXFileReference; fileEncoding = 4; lastKnownFileType = sourcecode.cpp.cpp; path = Cetm.cpp; sourceTree = "<group>"; };
		EB1801A61DD36FAE009CEE03 /* Cetm.h */ = {isa = PBXFileReference; fileEncoding = 4; lastKnownFileType = sourcecode.c.h; path = Cetm.h; sourceTree = "<group>"; };
/* End PBXFileReference section */

/* Begin PBXFrameworksBuildPhase section */
		32B47DE91DC2A6EE00BC7642 /* Frameworks */ = {
			isa = PBXFrameworksBuildPhase;
			buildActionMask = 2147483647;
			files = (
				323C90441DDA30E9005DCCDB /* libmosek64.dylib in Frameworks */,
				323C90451DDA30E9005DCCDB /* libmosek64.7.1.dylib in Frameworks */,
				323C90461DDA30E9005DCCDB /* libiomp5.dylib in Frameworks */,
				32B47E241DC2A73B00BC7642 /* GLUT.framework in Frameworks */,
				32B47E221DC2A73300BC7642 /* OpenGL.framework in Frameworks */,
			);
			runOnlyForDeploymentPostprocessing = 0;
		};
/* End PBXFrameworksBuildPhase section */

/* Begin PBXGroup section */
		3231FA191DC5838D00BCE60F /* Rendering */ = {
			isa = PBXGroup;
			children = (
				32B47DF61DC2A72200BC7642 /* Camera.cpp */,
				32B47DF71DC2A72200BC7642 /* Camera.h */,
				32B47E091DC2A72200BC7642 /* RenderData.cpp */,
				32B47E0A1DC2A72200BC7642 /* RenderData.h */,
				32B47E0D1DC2A72200BC7642 /* Shader.cpp */,
				32B47E0E1DC2A72200BC7642 /* Shader.h */,
			);
			name = Rendering;
			sourceTree = "<group>";
		};
		3231FA1A1DC583A200BCE60F /* Core */ = {
			isa = PBXGroup;
			children = (
				32B47DF81DC2A72200BC7642 /* Edge.cpp */,
				32B47DF91DC2A72200BC7642 /* Edge.h */,
				32B47DFA1DC2A72200BC7642 /* Face.cpp */,
				32B47DFB1DC2A72200BC7642 /* Face.h */,
				32B47DFC1DC2A72200BC7642 /* HalfEdge.cpp */,
				32B47DFD1DC2A72200BC7642 /* HalfEdge.h */,
				32B47E011DC2A72200BC7642 /* Mesh.cpp */,
				32B47E021DC2A72200BC7642 /* Mesh.h */,
				32B47E031DC2A72200BC7642 /* MeshIO.cpp */,
				32B47E041DC2A72200BC7642 /* MeshIO.h */,
				32B47E0F1DC2A72200BC7642 /* Types.h */,
				32B47E101DC2A72200BC7642 /* Vertex.cpp */,
				32B47E111DC2A72200BC7642 /* Vertex.h */,
			);
			name = Core;
			sourceTree = "<group>";
		};
		3231FA1B1DC583B300BCE60F /* Parameterization */ = {
			isa = PBXGroup;
			children = (
				EB1801A51DD36FAE009CEE03 /* Cetm.cpp */,
				EB1801A61DD36FAE009CEE03 /* Cetm.h */,
				3231FA2B1DC5880D00BCE60F /* CirclePatterns.cpp */,
				3231FA2C1DC5880D00BCE60F /* CirclePatterns.h */,
				32B47DFE1DC2A72200BC7642 /* Lscm.cpp */,
				32B47DFF1DC2A72200BC7642 /* Lscm.h */,
				32B47E051DC2A72200BC7642 /* Parameterization.cpp */,
				32B47E061DC2A72200BC7642 /* Parameterization.h */,
				32B47E071DC2A72200BC7642 /* QcError.cpp */,
				32B47E081DC2A72200BC7642 /* QcError.h */,
				32B47E0B1DC2A72200BC7642 /* Scp.cpp */,
				32B47E0C1DC2A72200BC7642 /* Scp.h */,
				3231FA2E1DC5890500BCE60F /* Utils.h */,
			);
			name = Parameterization;
			sourceTree = "<group>";
		};
		32B47DE31DC2A6EE00BC7642 = {
			isa = PBXGroup;
			children = (
				32B47E001DC2A72200BC7642 /* main.cpp */,
				32C4D13F1DFB6BC9001C1F49 /* Solver.h */,
				32C4D13E1DFB6BC9001C1F49 /* Solver.cpp */,
				3231FA221DC5868B00BCE60F /* MosekSolver.h */,
				3231FA231DC5869100BCE60F /* MosekSolver.cpp */,
				3242E3091DF0B7B500CD8BCA /* Subdivision.h */,
				3242E3081DF0B7B500CD8BCA /* Subdivision.cpp */,
				3231FA1B1DC583B300BCE60F /* Parameterization */,
				3231FA1A1DC583A200BCE60F /* Core */,
				3231FA191DC5838D00BCE60F /* Rendering */,
				32B47DED1DC2A6EE00BC7642 /* Products */,
				32B47E201DC2A73300BC7642 /* Frameworks */,
			);
			sourceTree = "<group>";
		};
		32B47DED1DC2A6EE00BC7642 /* Products */ = {
			isa = PBXGroup;
			children = (
				32B47DEC1DC2A6EE00BC7642 /* conformal-parameterization */,
			);
			name = Products;
			sourceTree = "<group>";
		};
		32B47E201DC2A73300BC7642 /* Frameworks */ = {
			isa = PBXGroup;
			children = (
				323C90411DDA30E9005DCCDB /* libmosek64.dylib */,
				323C90421DDA30E9005DCCDB /* libmosek64.7.1.dylib */,
				323C90431DDA30E9005DCCDB /* libiomp5.dylib */,
				32B47E231DC2A73B00BC7642 /* GLUT.framework */,
				32B47E211DC2A73300BC7642 /* OpenGL.framework */,
			);
			name = Frameworks;
			sourceTree = "<group>";
		};
/* End PBXGroup section */

/* Begin PBXNativeTarget section */
		32B47DEB1DC2A6EE00BC7642 /* conformal-parameterization */ = {
			isa = PBXNativeTarget;
			buildConfigurationList = 32B47DF31DC2A6EE00BC7642 /* Build configuration list for PBXNativeTarget "conformal-parameterization" */;
			buildPhases = (
				32B47DE81DC2A6EE00BC7642 /* Sources */,
				32B47DE91DC2A6EE00BC7642 /* Frameworks */,
				32B47DEA1DC2A6EE00BC7642 /* Copy Files */,
			);
			buildRules = (
			);
			dependencies = (
			);
			name = "conformal-parameterization";
			productName = "conformal-parameterization";
			productReference = 32B47DEC1DC2A6EE00BC7642 /* conformal-parameterization */;
			productType = "com.apple.product-type.tool";
		};
/* End PBXNativeTarget section */

/* Begin PBXProject section */
		32B47DE41DC2A6EE00BC7642 /* Project object */ = {
			isa = PBXProject;
			attributes = {
				LastUpgradeCheck = 0810;
				ORGANIZATIONNAME = "Rohan Sawhney";
				TargetAttributes = {
					32B47DEB1DC2A6EE00BC7642 = {
						CreatedOnToolsVersion = 8.0;
						ProvisioningStyle = Automatic;
					};
				};
			};
			buildConfigurationList = 32B47DE71DC2A6EE00BC7642 /* Build configuration list for PBXProject "conformal-parameterization" */;
			compatibilityVersion = "Xcode 3.2";
			developmentRegion = English;
			hasScannedForEncodings = 0;
			knownRegions = (
				en,
			);
			mainGroup = 32B47DE31DC2A6EE00BC7642;
			productRefGroup = 32B47DED1DC2A6EE00BC7642 /* Products */;
			projectDirPath = "";
			projectRoot = "";
			targets = (
				32B47DEB1DC2A6EE00BC7642 /* conformal-parameterization */,
			);
		};
/* End PBXProject section */

/* Begin PBXSourcesBuildPhase section */
		32B47DE81DC2A6EE00BC7642 /* Sources */ = {
			isa = PBXSourcesBuildPhase;
			buildActionMask = 2147483647;
			files = (
				32C4D1401DFB6BC9001C1F49 /* Solver.cpp in Sources */,
				32B47E1E1DC2A72200BC7642 /* Shader.cpp in Sources */,
				32B47E191DC2A72200BC7642 /* MeshIO.cpp in Sources */,
				32B47E141DC2A72200BC7642 /* Face.cpp in Sources */,
				32B47E151DC2A72200BC7642 /* HalfEdge.cpp in Sources */,
				32B47E171DC2A72200BC7642 /* main.cpp in Sources */,
				32B47E1B1DC2A72200BC7642 /* QcError.cpp in Sources */,
				3231FA2D1DC5880D00BCE60F /* CirclePatterns.cpp in Sources */,
				3242E30A1DF0B7B500CD8BCA /* Subdivision.cpp in Sources */,
				32B47E1A1DC2A72200BC7642 /* Parameterization.cpp in Sources */,
				32B47E1F1DC2A72200BC7642 /* Vertex.cpp in Sources */,
				32B47E1D1DC2A72200BC7642 /* Scp.cpp in Sources */,
				3231FA241DC5869100BCE60F /* MosekSolver.cpp in Sources */,
				32B47E181DC2A72200BC7642 /* Mesh.cpp in Sources */,
				EB1801A71DD36FAE009CEE03 /* Cetm.cpp in Sources */,
				32B47E131DC2A72200BC7642 /* Edge.cpp in Sources */,
				32B47E121DC2A72200BC7642 /* Camera.cpp in Sources */,
				32B47E1C1DC2A72200BC7642 /* RenderData.cpp in Sources */,
				32B47E161DC2A72200BC7642 /* Lscm.cpp in Sources */,
			);
			runOnlyForDeploymentPostprocessing = 0;
		};
/* End PBXSourcesBuildPhase section */

/* Begin XCBuildConfiguration section */
		32B47DF11DC2A6EE00BC7642 /* Debug */ = {
			isa = XCBuildConfiguration;
			buildSettings = {
				ALWAYS_SEARCH_USER_PATHS = NO;
				CLANG_ANALYZER_NONNULL = YES;
				CLANG_CXX_LANGUAGE_STANDARD = "gnu++0x";
				CLANG_CXX_LIBRARY = "libc++";
				CLANG_ENABLE_MODULES = YES;
				CLANG_ENABLE_OBJC_ARC = YES;
				CLANG_WARN_BOOL_CONVERSION = YES;
				CLANG_WARN_CONSTANT_CONVERSION = YES;
				CLANG_WARN_DIRECT_OBJC_ISA_USAGE = YES_ERROR;
				CLANG_WARN_DOCUMENTATION_COMMENTS = YES;
				CLANG_WARN_EMPTY_BODY = YES;
				CLANG_WARN_ENUM_CONVERSION = YES;
				CLANG_WARN_INFINITE_RECURSION = YES;
				CLANG_WARN_INT_CONVERSION = YES;
				CLANG_WARN_OBJC_ROOT_CLASS = YES_ERROR;
				CLANG_WARN_SUSPICIOUS_MOVE = YES;
				CLANG_WARN_SUSPICIOUS_MOVES = YES;
				CLANG_WARN_UNREACHABLE_CODE = YES;
				CLANG_WARN__DUPLICATE_METHOD_MATCH = YES;
				CODE_SIGN_IDENTITY = "-";
				COPY_PHASE_STRIP = NO;
				DEBUG_INFORMATION_FORMAT = dwarf;
				ENABLE_STRICT_OBJC_MSGSEND = YES;
				ENABLE_TESTABILITY = YES;
				GCC_C_LANGUAGE_STANDARD = gnu99;
				GCC_DYNAMIC_NO_PIC = NO;
				GCC_NO_COMMON_BLOCKS = YES;
				GCC_OPTIMIZATION_LEVEL = 0;
				GCC_PREPROCESSOR_DEFINITIONS = (
					"DEBUG=1",
					"$(inherited)",
				);
				GCC_WARN_64_TO_32_BIT_CONVERSION = YES;
				GCC_WARN_ABOUT_RETURN_TYPE = YES_ERROR;
				GCC_WARN_UNDECLARED_SELECTOR = YES;
				GCC_WARN_UNINITIALIZED_AUTOS = YES_AGGRESSIVE;
				GCC_WARN_UNUSED_FUNCTION = YES;
				GCC_WARN_UNUSED_VARIABLE = YES;
				MACOSX_DEPLOYMENT_TARGET = 10.12;
				MTL_ENABLE_DEBUG_INFO = YES;
				ONLY_ACTIVE_ARCH = YES;
				SDKROOT = macosx;
			};
			name = Debug;
		};
		32B47DF21DC2A6EE00BC7642 /* Release */ = {
			isa = XCBuildConfiguration;
			buildSettings = {
				ALWAYS_SEARCH_USER_PATHS = NO;
				CLANG_ANALYZER_NONNULL = YES;
				CLANG_CXX_LANGUAGE_STANDARD = "gnu++0x";
				CLANG_CXX_LIBRARY = "libc++";
				CLANG_ENABLE_MODULES = YES;
				CLANG_ENABLE_OBJC_ARC = YES;
				CLANG_WARN_BOOL_CONVERSION = YES;
				CLANG_WARN_CONSTANT_CONVERSION = YES;
				CLANG_WARN_DIRECT_OBJC_ISA_USAGE = YES_ERROR;
				CLANG_WARN_DOCUMENTATION_COMMENTS = YES;
				CLANG_WARN_EMPTY_BODY = YES;
				CLANG_WARN_ENUM_CONVERSION = YES;
				CLANG_WARN_INFINITE_RECURSION = YES;
				CLANG_WARN_INT_CONVERSION = YES;
				CLANG_WARN_OBJC_ROOT_CLASS = YES_ERROR;
				CLANG_WARN_SUSPICIOUS_MOVE = YES;
				CLANG_WARN_SUSPICIOUS_MOVES = YES;
				CLANG_WARN_UNREACHABLE_CODE = YES;
				CLANG_WARN__DUPLICATE_METHOD_MATCH = YES;
				CODE_SIGN_IDENTITY = "-";
				COPY_PHASE_STRIP = NO;
				DEBUG_INFORMATION_FORMAT = "dwarf-with-dsym";
				ENABLE_NS_ASSERTIONS = NO;
				ENABLE_STRICT_OBJC_MSGSEND = YES;
				GCC_C_LANGUAGE_STANDARD = gnu99;
				GCC_NO_COMMON_BLOCKS = YES;
				GCC_WARN_64_TO_32_BIT_CONVERSION = YES;
				GCC_WARN_ABOUT_RETURN_TYPE = YES_ERROR;
				GCC_WARN_UNDECLARED_SELECTOR = YES;
				GCC_WARN_UNINITIALIZED_AUTOS = YES_AGGRESSIVE;
				GCC_WARN_UNUSED_FUNCTION = YES;
				GCC_WARN_UNUSED_VARIABLE = YES;
				MACOSX_DEPLOYMENT_TARGET = 10.12;
				MTL_ENABLE_DEBUG_INFO = NO;
				SDKROOT = macosx;
			};
			name = Release;
		};
		32B47DF41DC2A6EE00BC7642 /* Debug */ = {
			isa = XCBuildConfiguration;
			buildSettings = {
				ALWAYS_SEARCH_USER_PATHS = NO;
				HEADER_SEARCH_PATHS = "/Users/rohansawhney/Desktop/developer/C++/conformal-parameterization/deps";
				INSTALL_PATH = "/usr/local/bin ";
				LD_DYLIB_INSTALL_NAME = "";
				LD_RUNPATH_SEARCH_PATHS = "";
				LIBRARY_SEARCH_PATHS = (
					"$(inherited)",
					"/Users/rsawhne1/Desktop/research/code/conformal-parameterization/deps/mosek/bin",
					"$(PROJECT_DIR)/deps/mosek",
					"$(PROJECT_DIR)/deps/mosek/bin",
				);
				PRODUCT_NAME = "$(TARGET_NAME)";
			};
			name = Debug;
		};
		32B47DF51DC2A6EE00BC7642 /* Release */ = {
			isa = XCBuildConfiguration;
			buildSettings = {
				ALWAYS_SEARCH_USER_PATHS = NO;
				HEADER_SEARCH_PATHS = "/Users/rohansawhney/Desktop/developer/C++/conformal-parameterization/deps";
				INSTALL_PATH = "/usr/local/bin ";
				LD_DYLIB_INSTALL_NAME = "";
				LD_RUNPATH_SEARCH_PATHS = "";
				LIBRARY_SEARCH_PATHS = (
					"$(inherited)",
					"/Users/rsawhne1/Desktop/research/code/conformal-parameterization/deps/mosek/bin",
					"$(PROJECT_DIR)/deps/mosek",
					"$(PROJECT_DIR)/deps/mosek/bin",
				);
				PRODUCT_NAME = "$(TARGET_NAME)";
			};
			name = Release;
		};
/* End XCBuildConfiguration section */

/* Begin XCConfigurationList section */
		32B47DE71DC2A6EE00BC7642 /* Build configuration list for PBXProject "conformal-parameterization" */ = {
			isa = XCConfigurationList;
			buildConfigurations = (
				32B47DF11DC2A6EE00BC7642 /* Debug */,
				32B47DF21DC2A6EE00BC7642 /* Release */,
			);
			defaultConfigurationIsVisible = 0;
			defaultConfigurationName = Release;
		};
		32B47DF31DC2A6EE00BC7642 /* Build configuration list for PBXNativeTarget "conformal-parameterization" */ = {
			isa = XCConfigurationList;
			buildConfigurations = (
				32B47DF41DC2A6EE00BC7642 /* Debug */,
				32B47DF51DC2A6EE00BC7642 /* Release */,
			);
			defaultConfigurationIsVisible = 0;
			defaultConfigurationName = Release;
		};
/* End XCConfigurationList section */
	};
	rootObject = 32B47DE41DC2A6EE00BC7642 /* Project object */;
}
