// !$*UTF8*$!
{
	archiveVersion = 1;
	classes = {
	};
	objectVersion = 46;
	objects = {

/* Begin PBXBuildFile section */
		324020891D28B1750081F5B6 /* Parameterizer.cpp in Sources */ = {isa = PBXBuildFile; fileRef = 324020871D28B1750081F5B6 /* Parameterizer.cpp */; };
		3240208C1D28B1840081F5B6 /* Scp.cpp in Sources */ = {isa = PBXBuildFile; fileRef = 3240208A1D28B1840081F5B6 /* Scp.cpp */; };
		3240208F1D28B18E0081F5B6 /* Lscm.cpp in Sources */ = {isa = PBXBuildFile; fileRef = 3240208D1D28B18E0081F5B6 /* Lscm.cpp */; };
		3259ADC41BA49DF20014C457 /* OpenGL.framework in Frameworks */ = {isa = PBXBuildFile; fileRef = 3259ADC31BA49DF20014C457 /* OpenGL.framework */; };
		3259ADC61BA49DF90014C457 /* GLUT.framework in Frameworks */ = {isa = PBXBuildFile; fileRef = 3259ADC51BA49DF90014C457 /* GLUT.framework */; };
		3259ADD51BA49E5A0014C457 /* Edge.cpp in Sources */ = {isa = PBXBuildFile; fileRef = 3259ADC71BA49E5A0014C457 /* Edge.cpp */; };
		3259ADD61BA49E5A0014C457 /* Face.cpp in Sources */ = {isa = PBXBuildFile; fileRef = 3259ADC91BA49E5A0014C457 /* Face.cpp */; };
		3259ADD71BA49E5A0014C457 /* HalfEdge.cpp in Sources */ = {isa = PBXBuildFile; fileRef = 3259ADCB1BA49E5A0014C457 /* HalfEdge.cpp */; };
		3259ADD81BA49E5A0014C457 /* main.cpp in Sources */ = {isa = PBXBuildFile; fileRef = 3259ADCD1BA49E5A0014C457 /* main.cpp */; };
		3259ADD91BA49E5A0014C457 /* Mesh.cpp in Sources */ = {isa = PBXBuildFile; fileRef = 3259ADCE1BA49E5A0014C457 /* Mesh.cpp */; };
		3259ADDA1BA49E5A0014C457 /* MeshIO.cpp in Sources */ = {isa = PBXBuildFile; fileRef = 3259ADD01BA49E5A0014C457 /* MeshIO.cpp */; };
		3259ADDB1BA49E5A0014C457 /* Vertex.cpp in Sources */ = {isa = PBXBuildFile; fileRef = 3259ADD31BA49E5A0014C457 /* Vertex.cpp */; };
		327FC5581D303C4A00D98296 /* QcError.cpp in Sources */ = {isa = PBXBuildFile; fileRef = 327FC5561D303C4A00D98296 /* QcError.cpp */; };
/* End PBXBuildFile section */

/* Begin PBXCopyFilesBuildPhase section */
		3259ADB71BA49DE70014C457 /* CopyFiles */ = {
			isa = PBXCopyFilesBuildPhase;
			buildActionMask = 2147483647;
			dstPath = /usr/share/man/man1/;
			dstSubfolderSpec = 0;
			files = (
			);
			runOnlyForDeploymentPostprocessing = 1;
		};
/* End PBXCopyFilesBuildPhase section */

/* Begin PBXFileReference section */
		324020871D28B1750081F5B6 /* Parameterizer.cpp */ = {isa = PBXFileReference; fileEncoding = 4; lastKnownFileType = sourcecode.cpp.cpp; path = Parameterizer.cpp; sourceTree = "<group>"; };
		324020881D28B1750081F5B6 /* Parameterizer.h */ = {isa = PBXFileReference; fileEncoding = 4; lastKnownFileType = sourcecode.c.h; path = Parameterizer.h; sourceTree = "<group>"; };
		3240208A1D28B1840081F5B6 /* Scp.cpp */ = {isa = PBXFileReference; fileEncoding = 4; lastKnownFileType = sourcecode.cpp.cpp; path = Scp.cpp; sourceTree = "<group>"; };
		3240208B1D28B1840081F5B6 /* Scp.h */ = {isa = PBXFileReference; fileEncoding = 4; lastKnownFileType = sourcecode.c.h; path = Scp.h; sourceTree = "<group>"; };
		3240208D1D28B18E0081F5B6 /* Lscm.cpp */ = {isa = PBXFileReference; fileEncoding = 4; lastKnownFileType = sourcecode.cpp.cpp; path = Lscm.cpp; sourceTree = "<group>"; };
		3240208E1D28B18E0081F5B6 /* Lscm.h */ = {isa = PBXFileReference; fileEncoding = 4; lastKnownFileType = sourcecode.c.h; path = Lscm.h; sourceTree = "<group>"; };
		3259ADB91BA49DE70014C457 /* conformal-parameterization */ = {isa = PBXFileReference; explicitFileType = "compiled.mach-o.executable"; includeInIndex = 0; path = "conformal-parameterization"; sourceTree = BUILT_PRODUCTS_DIR; };
		3259ADC31BA49DF20014C457 /* OpenGL.framework */ = {isa = PBXFileReference; lastKnownFileType = wrapper.framework; name = OpenGL.framework; path = System/Library/Frameworks/OpenGL.framework; sourceTree = SDKROOT; };
		3259ADC51BA49DF90014C457 /* GLUT.framework */ = {isa = PBXFileReference; lastKnownFileType = wrapper.framework; name = GLUT.framework; path = System/Library/Frameworks/GLUT.framework; sourceTree = SDKROOT; };
		3259ADC71BA49E5A0014C457 /* Edge.cpp */ = {isa = PBXFileReference; fileEncoding = 4; lastKnownFileType = sourcecode.cpp.cpp; path = Edge.cpp; sourceTree = "<group>"; };
		3259ADC81BA49E5A0014C457 /* Edge.h */ = {isa = PBXFileReference; fileEncoding = 4; lastKnownFileType = sourcecode.c.h; path = Edge.h; sourceTree = "<group>"; };
		3259ADC91BA49E5A0014C457 /* Face.cpp */ = {isa = PBXFileReference; fileEncoding = 4; lastKnownFileType = sourcecode.cpp.cpp; path = Face.cpp; sourceTree = "<group>"; };
		3259ADCA1BA49E5A0014C457 /* Face.h */ = {isa = PBXFileReference; fileEncoding = 4; lastKnownFileType = sourcecode.c.h; path = Face.h; sourceTree = "<group>"; };
		3259ADCB1BA49E5A0014C457 /* HalfEdge.cpp */ = {isa = PBXFileReference; fileEncoding = 4; lastKnownFileType = sourcecode.cpp.cpp; path = HalfEdge.cpp; sourceTree = "<group>"; };
		3259ADCC1BA49E5A0014C457 /* HalfEdge.h */ = {isa = PBXFileReference; fileEncoding = 4; lastKnownFileType = sourcecode.c.h; path = HalfEdge.h; sourceTree = "<group>"; };
		3259ADCD1BA49E5A0014C457 /* main.cpp */ = {isa = PBXFileReference; fileEncoding = 4; lastKnownFileType = sourcecode.cpp.cpp; path = main.cpp; sourceTree = "<group>"; };
		3259ADCE1BA49E5A0014C457 /* Mesh.cpp */ = {isa = PBXFileReference; fileEncoding = 4; lastKnownFileType = sourcecode.cpp.cpp; path = Mesh.cpp; sourceTree = "<group>"; };
		3259ADCF1BA49E5A0014C457 /* Mesh.h */ = {isa = PBXFileReference; fileEncoding = 4; lastKnownFileType = sourcecode.c.h; path = Mesh.h; sourceTree = "<group>"; };
		3259ADD01BA49E5A0014C457 /* MeshIO.cpp */ = {isa = PBXFileReference; fileEncoding = 4; lastKnownFileType = sourcecode.cpp.cpp; path = MeshIO.cpp; sourceTree = "<group>"; };
		3259ADD11BA49E5A0014C457 /* MeshIO.h */ = {isa = PBXFileReference; fileEncoding = 4; lastKnownFileType = sourcecode.c.h; path = MeshIO.h; sourceTree = "<group>"; };
		3259ADD21BA49E5A0014C457 /* Types.h */ = {isa = PBXFileReference; fileEncoding = 4; lastKnownFileType = sourcecode.c.h; path = Types.h; sourceTree = "<group>"; };
		3259ADD31BA49E5A0014C457 /* Vertex.cpp */ = {isa = PBXFileReference; fileEncoding = 4; lastKnownFileType = sourcecode.cpp.cpp; path = Vertex.cpp; sourceTree = "<group>"; };
		3259ADD41BA49E5A0014C457 /* Vertex.h */ = {isa = PBXFileReference; fileEncoding = 4; lastKnownFileType = sourcecode.c.h; path = Vertex.h; sourceTree = "<group>"; };
		327FC5561D303C4A00D98296 /* QcError.cpp */ = {isa = PBXFileReference; fileEncoding = 4; lastKnownFileType = sourcecode.cpp.cpp; path = QcError.cpp; sourceTree = "<group>"; };
		327FC5571D303C4A00D98296 /* QcError.h */ = {isa = PBXFileReference; fileEncoding = 4; lastKnownFileType = sourcecode.c.h; path = QcError.h; sourceTree = "<group>"; };
/* End PBXFileReference section */

/* Begin PBXFrameworksBuildPhase section */
		3259ADB61BA49DE70014C457 /* Frameworks */ = {
			isa = PBXFrameworksBuildPhase;
			buildActionMask = 2147483647;
			files = (
				3259ADC61BA49DF90014C457 /* GLUT.framework in Frameworks */,
				3259ADC41BA49DF20014C457 /* OpenGL.framework in Frameworks */,
			);
			runOnlyForDeploymentPostprocessing = 0;
		};
/* End PBXFrameworksBuildPhase section */

/* Begin PBXGroup section */
		3259ADB01BA49DE70014C457 = {
			isa = PBXGroup;
			children = (
				3259ADDC1BA49E640014C457 /* conformal-parameterization */,
				3259ADC51BA49DF90014C457 /* GLUT.framework */,
				3259ADC31BA49DF20014C457 /* OpenGL.framework */,
				3259ADBA1BA49DE70014C457 /* Products */,
			);
			sourceTree = "<group>";
		};
		3259ADBA1BA49DE70014C457 /* Products */ = {
			isa = PBXGroup;
			children = (
				3259ADB91BA49DE70014C457 /* conformal-parameterization */,
			);
			name = Products;
			sourceTree = "<group>";
		};
		3259ADDC1BA49E640014C457 /* conformal-parameterization */ = {
			isa = PBXGroup;
			children = (
				3259ADC71BA49E5A0014C457 /* Edge.cpp */,
				3259ADC81BA49E5A0014C457 /* Edge.h */,
				3259ADC91BA49E5A0014C457 /* Face.cpp */,
				3259ADCA1BA49E5A0014C457 /* Face.h */,
				3259ADCB1BA49E5A0014C457 /* HalfEdge.cpp */,
				3259ADCC1BA49E5A0014C457 /* HalfEdge.h */,
				3259ADCD1BA49E5A0014C457 /* main.cpp */,
				324020871D28B1750081F5B6 /* Parameterizer.cpp */,
				324020881D28B1750081F5B6 /* Parameterizer.h */,
				3240208A1D28B1840081F5B6 /* Scp.cpp */,
				3240208B1D28B1840081F5B6 /* Scp.h */,
				3240208D1D28B18E0081F5B6 /* Lscm.cpp */,
				3240208E1D28B18E0081F5B6 /* Lscm.h */,
				327FC5561D303C4A00D98296 /* QcError.cpp */,
				327FC5571D303C4A00D98296 /* QcError.h */,
				3259ADCE1BA49E5A0014C457 /* Mesh.cpp */,
				3259ADCF1BA49E5A0014C457 /* Mesh.h */,
				3259ADD01BA49E5A0014C457 /* MeshIO.cpp */,
				3259ADD11BA49E5A0014C457 /* MeshIO.h */,
				3259ADD21BA49E5A0014C457 /* Types.h */,
				3259ADD31BA49E5A0014C457 /* Vertex.cpp */,
				3259ADD41BA49E5A0014C457 /* Vertex.h */,
			);
			name = "conformal-parameterization";
			sourceTree = "<group>";
		};
/* End PBXGroup section */

/* Begin PBXNativeTarget section */
		3259ADB81BA49DE70014C457 /* conformal-parameterization */ = {
			isa = PBXNativeTarget;
			buildConfigurationList = 3259ADC01BA49DE70014C457 /* Build configuration list for PBXNativeTarget "conformal-parameterization" */;
			buildPhases = (
				3259ADB51BA49DE70014C457 /* Sources */,
				3259ADB61BA49DE70014C457 /* Frameworks */,
				3259ADB71BA49DE70014C457 /* CopyFiles */,
			);
			buildRules = (
			);
			dependencies = (
			);
			name = "conformal-parameterization";
			productName = "conformal-parameterization";
			productReference = 3259ADB91BA49DE70014C457 /* conformal-parameterization */;
			productType = "com.apple.product-type.tool";
		};
/* End PBXNativeTarget section */

/* Begin PBXProject section */
		3259ADB11BA49DE70014C457 /* Project object */ = {
			isa = PBXProject;
			attributes = {
				LastUpgradeCheck = 0640;
				ORGANIZATIONNAME = "Rohan Sawhney";
				TargetAttributes = {
					3259ADB81BA49DE70014C457 = {
						CreatedOnToolsVersion = 6.4;
					};
				};
			};
			buildConfigurationList = 3259ADB41BA49DE70014C457 /* Build configuration list for PBXProject "conformal-parameterization" */;
			compatibilityVersion = "Xcode 3.2";
			developmentRegion = English;
			hasScannedForEncodings = 0;
			knownRegions = (
				en,
			);
			mainGroup = 3259ADB01BA49DE70014C457;
			productRefGroup = 3259ADBA1BA49DE70014C457 /* Products */;
			projectDirPath = "";
			projectRoot = "";
			targets = (
				3259ADB81BA49DE70014C457 /* conformal-parameterization */,
			);
		};
/* End PBXProject section */

/* Begin PBXSourcesBuildPhase section */
		3259ADB51BA49DE70014C457 /* Sources */ = {
			isa = PBXSourcesBuildPhase;
			buildActionMask = 2147483647;
			files = (
				3259ADDB1BA49E5A0014C457 /* Vertex.cpp in Sources */,
				3259ADD71BA49E5A0014C457 /* HalfEdge.cpp in Sources */,
				327FC5581D303C4A00D98296 /* QcError.cpp in Sources */,
				3259ADD61BA49E5A0014C457 /* Face.cpp in Sources */,
				3259ADD81BA49E5A0014C457 /* main.cpp in Sources */,
				3240208F1D28B18E0081F5B6 /* Lscm.cpp in Sources */,
				3259ADD51BA49E5A0014C457 /* Edge.cpp in Sources */,
				324020891D28B1750081F5B6 /* Parameterizer.cpp in Sources */,
				3240208C1D28B1840081F5B6 /* Scp.cpp in Sources */,
				3259ADDA1BA49E5A0014C457 /* MeshIO.cpp in Sources */,
				3259ADD91BA49E5A0014C457 /* Mesh.cpp in Sources */,
			);
			runOnlyForDeploymentPostprocessing = 0;
		};
/* End PBXSourcesBuildPhase section */

/* Begin XCBuildConfiguration section */
		3259ADBE1BA49DE70014C457 /* Debug */ = {
			isa = XCBuildConfiguration;
			buildSettings = {
				ALWAYS_SEARCH_USER_PATHS = NO;
				CLANG_CXX_LANGUAGE_STANDARD = "gnu++0x";
				CLANG_CXX_LIBRARY = "libc++";
				CLANG_ENABLE_MODULES = YES;
				CLANG_ENABLE_OBJC_ARC = YES;
				CLANG_WARN_BOOL_CONVERSION = YES;
				CLANG_WARN_CONSTANT_CONVERSION = YES;
				CLANG_WARN_DIRECT_OBJC_ISA_USAGE = YES_ERROR;
				CLANG_WARN_EMPTY_BODY = YES;
				CLANG_WARN_ENUM_CONVERSION = YES;
				CLANG_WARN_INT_CONVERSION = YES;
				CLANG_WARN_OBJC_ROOT_CLASS = YES_ERROR;
				CLANG_WARN_UNREACHABLE_CODE = YES;
				CLANG_WARN__DUPLICATE_METHOD_MATCH = YES;
				COPY_PHASE_STRIP = NO;
				DEBUG_INFORMATION_FORMAT = dwarf;
				ENABLE_STRICT_OBJC_MSGSEND = YES;
				GCC_C_LANGUAGE_STANDARD = gnu99;
				GCC_DYNAMIC_NO_PIC = NO;
				GCC_NO_COMMON_BLOCKS = YES;
				GCC_OPTIMIZATION_LEVEL = 0;
				GCC_PREPROCESSOR_DEFINITIONS = (
					"DEBUG=1",
					"$(inherited)",
				);
				GCC_SYMBOLS_PRIVATE_EXTERN = NO;
				GCC_WARN_64_TO_32_BIT_CONVERSION = YES;
				GCC_WARN_ABOUT_RETURN_TYPE = YES_ERROR;
				GCC_WARN_UNDECLARED_SELECTOR = YES;
				GCC_WARN_UNINITIALIZED_AUTOS = YES_AGGRESSIVE;
				GCC_WARN_UNUSED_FUNCTION = YES;
				GCC_WARN_UNUSED_VARIABLE = YES;
				MACOSX_DEPLOYMENT_TARGET = 10.10;
				MTL_ENABLE_DEBUG_INFO = YES;
				ONLY_ACTIVE_ARCH = YES;
				SDKROOT = macosx;
			};
			name = Debug;
		};
		3259ADBF1BA49DE70014C457 /* Release */ = {
			isa = XCBuildConfiguration;
			buildSettings = {
				ALWAYS_SEARCH_USER_PATHS = NO;
				CLANG_CXX_LANGUAGE_STANDARD = "gnu++0x";
				CLANG_CXX_LIBRARY = "libc++";
				CLANG_ENABLE_MODULES = YES;
				CLANG_ENABLE_OBJC_ARC = YES;
				CLANG_WARN_BOOL_CONVERSION = YES;
				CLANG_WARN_CONSTANT_CONVERSION = YES;
				CLANG_WARN_DIRECT_OBJC_ISA_USAGE = YES_ERROR;
				CLANG_WARN_EMPTY_BODY = YES;
				CLANG_WARN_ENUM_CONVERSION = YES;
				CLANG_WARN_INT_CONVERSION = YES;
				CLANG_WARN_OBJC_ROOT_CLASS = YES_ERROR;
				CLANG_WARN_UNREACHABLE_CODE = YES;
				CLANG_WARN__DUPLICATE_METHOD_MATCH = YES;
				COPY_PHASE_STRIP = NO;
				DEBUG_INFORMATION_FORMAT = "dwarf-with-dsym";
				ENABLE_NS_ASSERTIONS = NO;
				ENABLE_STRICT_OBJC_MSGSEND = YES;
				GCC_C_LANGUAGE_STANDARD = gnu99;
				GCC_NO_COMMON_BLOCKS = YES;
				GCC_WARN_64_TO_32_BIT_CONVERSION = YES;
				GCC_WARN_ABOUT_RETURN_TYPE = YES_ERROR;
				GCC_WARN_UNDECLARED_SELECTOR = YES;
				GCC_WARN_UNINITIALIZED_AUTOS = YES_AGGRESSIVE;
				GCC_WARN_UNUSED_FUNCTION = YES;
				GCC_WARN_UNUSED_VARIABLE = YES;
				MACOSX_DEPLOYMENT_TARGET = 10.10;
				MTL_ENABLE_DEBUG_INFO = NO;
				SDKROOT = macosx;
			};
			name = Release;
		};
		3259ADC11BA49DE70014C457 /* Debug */ = {
			isa = XCBuildConfiguration;
			buildSettings = {
				HEADER_SEARCH_PATHS = (
					"$(inherited)",
					/Applications/Xcode.app/Contents/Developer/Toolchains/XcodeDefault.xctoolchain/usr/include,
					/usr/local/Cellar/eigen/3.2.4/include/eigen3,
				);
				PRODUCT_NAME = "$(TARGET_NAME)";
			};
			name = Debug;
		};
		3259ADC21BA49DE70014C457 /* Release */ = {
			isa = XCBuildConfiguration;
			buildSettings = {
				HEADER_SEARCH_PATHS = (
					"$(inherited)",
					/Applications/Xcode.app/Contents/Developer/Toolchains/XcodeDefault.xctoolchain/usr/include,
					/usr/local/Cellar/eigen/3.2.4/include/eigen3,
				);
				PRODUCT_NAME = "$(TARGET_NAME)";
			};
			name = Release;
		};
/* End XCBuildConfiguration section */

/* Begin XCConfigurationList section */
		3259ADB41BA49DE70014C457 /* Build configuration list for PBXProject "conformal-parameterization" */ = {
			isa = XCConfigurationList;
			buildConfigurations = (
				3259ADBE1BA49DE70014C457 /* Debug */,
				3259ADBF1BA49DE70014C457 /* Release */,
			);
			defaultConfigurationIsVisible = 0;
			defaultConfigurationName = Release;
		};
		3259ADC01BA49DE70014C457 /* Build configuration list for PBXNativeTarget "conformal-parameterization" */ = {
			isa = XCConfigurationList;
			buildConfigurations = (
				3259ADC11BA49DE70014C457 /* Debug */,
				3259ADC21BA49DE70014C457 /* Release */,
			);
			defaultConfigurationIsVisible = 0;
			defaultConfigurationName = Release;
		};
/* End XCConfigurationList section */
	};
	rootObject = 3259ADB11BA49DE70014C457 /* Project object */;
}
